
Microsoft Visual Studio Solution File, Format Version 12.00
# Visual Studio 15
VisualStudioVersion = 15.0.27130.2010
MinimumVisualStudioVersion = 10.0.40219.1
Project("{FAE04EC0-301F-11D3-BF4B-00C04F79EFBC}") = "Kalkulator", "Kalkulator\Kalkulator.csproj", "{8948CE4E-06A9-4C14-AC38-D36045D2A2E3}"
EndProject
Global
	GlobalSection(SolutionConfigurationPlatforms) = preSolution
		Debug|Any CPU = Debug|Any CPU
		Release|Any CPU = Release|Any CPU
	EndGlobalSection
	GlobalSection(ProjectConfigurationPlatforms) = postSolution
		{8948CE4E-06A9-4C14-AC38-D36045D2A2E3}.Debug|Any CPU.ActiveCfg = Debug|Any CPU
		{8948CE4E-06A9-4C14-AC38-D36045D2A2E3}.Debug|Any CPU.Build.0 = Debug|Any CPU
		{8948CE4E-06A9-4C14-AC38-D36045D2A2E3}.Release|Any CPU.ActiveCfg = Release|Any CPU
		{8948CE4E-06A9-4C14-AC38-D36045D2A2E3}.Release|Any CPU.Build.0 = Release|Any CPU
	EndGlobalSection
	GlobalSection(SolutionProperties) = preSolution
		HideSolutionNode = FALSE
	EndGlobalSection
	GlobalSection(ExtensibilityGlobals) = postSolution
		SolutionGuid = {F0547097-A726-4E18-807F-CFE52EE21A98}
	EndGlobalSection
EndGlobal
